
Microsoft Visual Studio Solution File, Format Version 12.00
# Visual Studio Version 17
VisualStudioVersion = 17.5.33424.131
MinimumVisualStudioVersion = 10.0.40219.1
Project("{FAE04EC0-301F-11D3-BF4B-00C04F79EFBC}") = "digitalocean-ubuntu-22.04", "digitalocean-ubuntu-22.04\digitalocean-ubuntu-22.04.csproj", "{24E10CB3-BED8-4D67-9C4E-68DB3F2544BC}"
EndProject
Global
	GlobalSection(SolutionConfigurationPlatforms) = preSolution
		Debug|Any CPU = Debug|Any CPU
		Release|Any CPU = Release|Any CPU
	EndGlobalSection
	GlobalSection(ProjectConfigurationPlatforms) = postSolution
		{24E10CB3-BED8-4D67-9C4E-68DB3F2544BC}.Debug|Any CPU.ActiveCfg = Debug|Any CPU
		{24E10CB3-BED8-4D67-9C4E-68DB3F2544BC}.Debug|Any CPU.Build.0 = Debug|Any CPU
		{24E10CB3-BED8-4D67-9C4E-68DB3F2544BC}.Release|Any CPU.ActiveCfg = Release|Any CPU
		{24E10CB3-BED8-4D67-9C4E-68DB3F2544BC}.Release|Any CPU.Build.0 = Release|Any CPU
	EndGlobalSection
	GlobalSection(SolutionProperties) = preSolution
		HideSolutionNode = FALSE
	EndGlobalSection
	GlobalSection(ExtensibilityGlobals) = postSolution
		SolutionGuid = {F722AEB1-0B21-4F81-AAB2-F1F42FF57DFB}
	EndGlobalSection
EndGlobal
